github.com/qaduni/qu.theme v0.0.0-20260818175605-1d7783af12b5 h1:a7o5/RyPVPIzy/fUDlsgiumn96xg6QWTQPdLfGlQzSg=
github.com/qaduni/qu.theme v0.0.0-20260818175605-1d7783af12b5/go.mod h1:V3jfF6L9wEifdbfbYtwKePkiFv8Rc68ngeY2y1Lq1ps=
github.com/qaduni/qu.theme v0.0.0-20260818180805-1e7e8a9e9362 h1:12WT0KgSj2Xg07rUQvuhXERhyfeG3qZQ8MesHQKnheA=
github.com/qaduni/qu.theme v0.0.0-20260818180805-1e7e8a9e9362/go.mod h1:V3jfF6L9wEifdbfbYtwKePkiFv8Rc68ngeY2y1Lq1ps=
github.com/qaduni/qu.theme v0.0.0-20260818181953-d7afc1638d12 h1:dOGF7Q8pc3R7z4LFHbBGLbTDL4tXf0Igkae8zPLrjvc=
github.com/qaduni/qu.theme v0.0.0-20260818181953-d7afc1638d12/go.mod h1:V3jfF6L9wEifdbfbYtwKePkiFv8Rc68ngeY2y1Lq1ps=
github.com/qaduni/qu.theme v0.0.0-20260818223650-bdd0b42669fb h1:sw9P261SFv6t3/s40Xc7AR8ROAZr/twZKTBix3hPpR0=
github.com/qaduni/qu.theme v0.0.0-20260818223650-bdd0b42669fb/go.mod h1:V3jfF6L9wEifdbfbYtwKePkiFv8Rc68ngeY2y1Lq1ps=
github.com/qaduni/qu.theme v0.0.0-20260819070713-4af7180f470b h1:EzrfVS53bhzE4FxMfvbd7dTTOW+RAykdeO2nBKiPy7Q=
github.com/qaduni/qu.theme v0.0.0-20260819070713-4af7180f470b/go.mod h1:V3jfF6L9wEifdbfbYtwKePkiFv8Rc68ngeY2y1Lq1ps=
github.com/qaduni/qu.theme v0.0.0-20260819071912-e1d88dfe1a91 h1:xqGXv1NItCedXDcSzJemqYMiyHn0L1Z35WMJ0k6HpJA=
github.com/qaduni/qu.theme v0.0.0-20260819071912-e1d88dfe1a91/go.mod h1:V3jfF6L9wEifdbfbYtwKePkiFv8Rc68ngeY2y1Lq1ps=
github.com/qaduni/qu.theme v0.0.0-20260819090439-6e24884a3aee h1:qNH7M9S7Uf66+9SYHqkebdnJR4Pm+Kdc/ctc1gLh5kQ=
github.com/qaduni/qu.theme v0.0.0-20260819090439-6e24884a3aee/go.mod h1:V3jfF6L9wEifdbfbYtwKePkiFv8Rc68ngeY2y1Lq1ps=
github.com/qaduni/qu.theme v0.0.0-20260819092416-7e91a0d120b4 h1:L3up4Jehs+bbgLb59IZQ5JcitoY/NBIqVTgxfGn84zQ=
github.com/qaduni/qu.theme v0.0.0-20260819092416-7e91a0d120b4/go.mod h1:V3jfF6L9wEifdbfbYtwKePkiFv8Rc68ngeY2y1Lq1ps=
github.com/qaduni/qu.theme v0.0.0-20260819094041-810e0ba51c22 h1:FzTB9Sj8u9KFjR+7Q9VkxuHkifI5SxxToB9jtO1FNjE=
github.com/qaduni/qu.theme v0.0.0-20260819094041-810e0ba51c22/go.mod h1:V3jfF6L9wEifdbfbYtwKePkiFv8Rc68ngeY2y1Lq1ps=
github.com/qaduni/qu.theme v0.0.0-20260819152152-e05b6945d5ac h1:T+OBGuIygUZSs5dJwBS3jLk2nMFVPbhJr5iZ56Jd/WM=
github.com/qaduni/qu.theme v0.0.0-20260819152152-e05b6945d5ac/go.mod h1:V3jfF6L9wEifdbfbYtwKePkiFv8Rc68ngeY2y1Lq1ps=
github.com/qaduni/qu.theme v0.0.0-20260819160750-89f5afd0c689 h1:2qdl34xuthXOtzMAEzHqygTz53GvcT2+ZuseRBzyCPA=
github.com/qaduni/qu.theme v0.0.0-20260819160750-89f5afd0c689/go.mod h1:V3jfF6L9wEifdbfbYtwKePkiFv8Rc68ngeY2y1Lq1ps=
github.com/qaduni/qu.theme v0.0.0-20260819161247-0d9a24bba28e h1:yLooVcaP9oEeoUrMX++jGsasqbw/AZ4NFSHlUGdW9Mk=
github.com/qaduni/qu.theme v0.0.0-20260819161247-0d9a24bba28e/go.mod h1:V3jfF6L9wEifdbfbYtwKePkiFv8Rc68ngeY2y1Lq1ps=
github.com/qaduni/qu.theme v0.0.0-20260819162307-e68a1de675ed h1:jABsNpMU4MYEcCjOgg7Pl8rVn7CxfzbPHvr/qEv0+go=
github.com/qaduni/qu.theme v0.0.0-20260819162307-e68a1de675ed/go.mod h1:V3jfF6L9wEifdbfbYtwKePkiFv8Rc68ngeY2y1Lq1ps=
github.com/qaduni/qu.theme v0.0.0-20260819171506-51d6f214d500 h1:74t4fzThWdrwcU6WMJnUMhCpiB9OS1iMud6Z2mugTfk=
github.com/qaduni/qu.theme v0.0.0-20260819171506-51d6f214d500/go.mod h1:V3jfF6L9wEifdbfbYtwKePkiFv8Rc68ngeY2y1Lq1ps=
github.com/qaduni/qu.theme v0.0.0-20260819172224-e8c9ada26721 h1:tQjqtx9dKy5dhXOe7hDgYgERbhJNNhSVutSy9qH06fw=
github.com/qaduni/qu.theme v0.0.0-20260819172224-e8c9ada26721/go.mod h1:V3jfF6L9wEifdbfbYtwKePkiFv8Rc68ngeY2y1Lq1ps=
github.com/qaduni/qu.theme v0.0.0-20260821010542-b3e1064f6e99 h1:EVTyWry8T6Dp7/hb7klkADIBSmvm7qGtilz7pyw5oK8=
github.com/qaduni/qu.theme v0.0.0-20260821010542-b3e1064f6e99/go.mod h1:V3jfF6L9wEifdbfbYtwKePkiFv8Rc68ngeY2y1Lq1ps=
github.com/qaduni/qu.theme v0.0.0-20260821010838-1bc44d4f19a2 h1:CDjTHZPCEueisicrNfqulcTJnUJQVtyP3oCY5DcvlU0=
github.com/qaduni/qu.theme v0.0.0-20260821010838-1bc44d4f19a2/go.mod h1:V3jfF6L9wEifdbfbYtwKePkiFv8Rc68ngeY2y1Lq1ps=
github.com/qaduni/qu.theme v0.0.0-20260821011516-13fd8b8bd860 h1:Q/mrT0lP72psOtuhL46qV5YmglTs9/mYqfwON/vdGe4=
github.com/qaduni/qu.theme v0.0.0-20260821011516-13fd8b8bd860/go.mod h1:V3jfF6L9wEifdbfbYtwKePkiFv8Rc68ngeY2y1Lq1ps=
github.com/qaduni/qu.theme v0.0.0-20260821013552-c44c07613d57 h1:2rJuJIJYdVbj3XsslaAnh5WZs0NR8P3SFc1Tz99/Zrg=
github.com/qaduni/qu.theme v0.0.0-20260821013552-c44c07613d57/go.mod h1:V3jfF6L9wEifdbfbYtwKePkiFv8Rc68ngeY2y1Lq1ps=
github.com/qaduni/qu.theme v0.0.0-20260821190734-cdc5faf03206 h1:s+Jl8mYnRPNPLc/Q9O+/n70Pz2cQqBSxxPjm4SLSBAs=
github.com/qaduni/qu.theme v0.0.0-20260821190734-cdc5faf03206/go.mod h1:V3jfF6L9wEifdbfbYtwKePkiFv8Rc68ngeY2y1Lq1ps=
github.com/qaduni/qu.theme v0.0.0-20260822203146-deecc4f15e16 h1:RtwjS/x2BdaN9eBmOcNxHjIxVi2ZYbdf6zf2zYtOUUc=
github.com/qaduni/qu.theme v0.0.0-20260822203146-deecc4f15e16/go.mod h1:V3jfF6L9wEifdbfbYtwKePkiFv8Rc68ngeY2y1Lq1ps=
github.com/qaduni/qu.theme v0.0.0-20260822205056-c92e1b80b895 h1:AUrpl+64dcJX10nBR1FDvG23I7h2uaIxsIz3KDbNcN0=
github.com/qaduni/qu.theme v0.0.0-20260822205056-c92e1b80b895/go.mod h1:V3jfF6L9wEifdbfbYtwKePkiFv8Rc68ngeY2y1Lq1ps=
github.com/qaduni/qu.theme v0.0.0-20260822214552-a163b301c9e6 h1:tVaTOx0lRaTdQG6QqDTZkl5bUoxKZbMg0sOEy6WfbIg=
github.com/qaduni/qu.theme v0.0.0-20260822214552-a163b301c9e6/go.mod h1:V3jfF6L9wEifdbfbYtwKePkiFv8Rc68ngeY2y1Lq1ps=
github.com/qaduni/qu.theme v0.0.0-20260823081831-6c1533ef1d7a h1:jqgKmXWPgmS3h5oik/p7pslQw8Gd3YbvfhRI3r0Rjdg=
github.com/qaduni/qu.theme v0.0.0-20260823081831-6c1533ef1d7a/go.mod h1:V3jfF6L9wEifdbfbYtwKePkiFv8Rc68ngeY2y1Lq1ps=
github.com/qaduni/qu.theme v0.0.0-20260823102939-f44767d6f22a h1:/D9s8pF7hcDNlml9ENbDm0d1l/2+571mGDGWgzRFxl4=
github.com/qaduni/qu.theme v0.0.0-20260823102939-f44767d6f22a/go.mod h1:V3jfF6L9wEifdbfbYtwKePkiFv8Rc68ngeY2y1Lq1ps=
github.com/qaduni/qu.theme v0.0.0-20260823181412-d5091b4d9966 h1:5QBXMgwyEHvd26auKc8/I9ImUtTwvesyz8lRQOTgtSQ=
github.com/qaduni/qu.theme v0.0.0-20260823181412-d5091b4d9966/go.mod h1:V3jfF6L9wEifdbfbYtwKePkiFv8Rc68ngeY2y1Lq1ps=
github.com/qaduni/qu.theme v0.0.0-20260828173448-e1ffc487312f h1:yC0jfoESo7KNv+rAejMG6G890nlrpsbtUlQA3ykRJLw=
github.com/qaduni/qu.theme v0.0.0-20260828173448-e1ffc487312f/go.mod h1:V3jfF6L9wEifdbfbYtwKePkiFv8Rc68ngeY2y1Lq1ps=
github.com/qaduni/qu.theme v0.0.0-20260828174253-e7f6b02de9d7 h1:ZNQGpTI14gzN33TjQTJEUJmzYeT/2D9zOvSl08jvxts=
github.com/qaduni/qu.theme v0.0.0-20260828174253-e7f6b02de9d7/go.mod h1:V3jfF6L9wEifdbfbYtwKePkiFv8Rc68ngeY2y1Lq1ps=
github.com/qaduni/qu.theme v0.0.0-20260828175005-3613ec9b48f9 h1:fpLwD7jgixNf2bLbMVNeoqgy6vnbYYgzBrMzQLhAS7s=
github.com/qaduni/qu.theme v0.0.0-20260828175005-3613ec9b48f9/go.mod h1:V3jfF6L9wEifdbfbYtwKePkiFv8Rc68ngeY2y1Lq1ps=
github.com/qaduni/qu.theme v0.0.0-20260828175614-e8b145c44ca5 h1:tGKvSydJAeHOm9knQrWN3Kan81A0p625Xbe8QIiZVjE=
github.com/qaduni/qu.theme v0.0.0-20260828175614-e8b145c44ca5/go.mod h1:V3jfF6L9wEifdbfbYtwKePkiFv8Rc68ngeY2y1Lq1ps=
github.com/qaduni/qu.theme v0.0.0-20260828180203-90c7da52920c h1:95a1j7hxpogObohsh9FZACs6RDwUJuVs/9ytjD9P9RQ=
github.com/qaduni/qu.theme v0.0.0-20260828180203-90c7da52920c/go.mod h1:V3jfF6L9wEifdbfbYtwKePkiFv8Rc68ngeY2y1Lq1ps=
github.com/qaduni/qu.theme v0.0.0-20260828182045-64a5f97052dc h1:tK9W4+YG4+vX8y8ioTSjlxHW36oLQn5BPobRJ0KeVfs=
github.com/qaduni/qu.theme v0.0.0-20260828182045-64a5f97052dc/go.mod h1:V3jfF6L9wEifdbfbYtwKePkiFv8Rc68ngeY2y1Lq1ps=
github.com/qaduni/qu.theme v0.0.0-20260828183212-43af2b005b80 h1:lGxGkm93ukIc4E+uWYM8FzZGLPQ80HfvyhDwDusPV7E=
github.com/qaduni/qu.theme v0.0.0-20260828183212-43af2b005b80/go.mod h1:V3jfF6L9wEifdbfbYtwKePkiFv8Rc68ngeY2y1Lq1ps=
github.com/qaduni/qu.theme v0.0.0-20260828183758-a739dba2f5ff h1:kb+NwId7zgO18ZL7JH76C7jATP1s0CUhdSpGKlqbQds=
github.com/qaduni/qu.theme v0.0.0-20260828183758-a739dba2f5ff/go.mod h1:V3jfF6L9wEifdbfbYtwKePkiFv8Rc68ngeY2y1Lq1ps=
