github.com/qaduni/qu.theme v0.0.0-20260818175605-1d7783af12b5 h1:a7o5/RyPVPIzy/fUDlsgiumn96xg6QWTQPdLfGlQzSg=
github.com/qaduni/qu.theme v0.0.0-20260818175605-1d7783af12b5/go.mod h1:V3jfF6L9wEifdbfbYtwKePkiFv8Rc68ngeY2y1Lq1ps=
github.com/qaduni/qu.theme v0.0.0-20260818180805-1e7e8a9e9362 h1:12WT0KgSj2Xg07rUQvuhXERhyfeG3qZQ8MesHQKnheA=
github.com/qaduni/qu.theme v0.0.0-20260818180805-1e7e8a9e9362/go.mod h1:V3jfF6L9wEifdbfbYtwKePkiFv8Rc68ngeY2y1Lq1ps=
github.com/qaduni/qu.theme v0.0.0-20260818181953-d7afc1638d12 h1:dOGF7Q8pc3R7z4LFHbBGLbTDL4tXf0Igkae8zPLrjvc=
github.com/qaduni/qu.theme v0.0.0-20260818181953-d7afc1638d12/go.mod h1:V3jfF6L9wEifdbfbYtwKePkiFv8Rc68ngeY2y1Lq1ps=
github.com/qaduni/qu.theme v0.0.0-20260818223650-bdd0b42669fb h1:sw9P261SFv6t3/s40Xc7AR8ROAZr/twZKTBix3hPpR0=
github.com/qaduni/qu.theme v0.0.0-20260818223650-bdd0b42669fb/go.mod h1:V3jfF6L9wEifdbfbYtwKePkiFv8Rc68ngeY2y1Lq1ps=
github.com/qaduni/qu.theme v0.0.0-20260819070713-4af7180f470b h1:EzrfVS53bhzE4FxMfvbd7dTTOW+RAykdeO2nBKiPy7Q=
github.com/qaduni/qu.theme v0.0.0-20260819070713-4af7180f470b/go.mod h1:V3jfF6L9wEifdbfbYtwKePkiFv8Rc68ngeY2y1Lq1ps=
github.com/qaduni/qu.theme v0.0.0-20260819071912-e1d88dfe1a91 h1:xqGXv1NItCedXDcSzJemqYMiyHn0L1Z35WMJ0k6HpJA=
github.com/qaduni/qu.theme v0.0.0-20260819071912-e1d88dfe1a91/go.mod h1:V3jfF6L9wEifdbfbYtwKePkiFv8Rc68ngeY2y1Lq1ps=
github.com/qaduni/qu.theme v0.0.0-20260819090439-6e24884a3aee h1:qNH7M9S7Uf66+9SYHqkebdnJR4Pm+Kdc/ctc1gLh5kQ=
github.com/qaduni/qu.theme v0.0.0-20260819090439-6e24884a3aee/go.mod h1:V3jfF6L9wEifdbfbYtwKePkiFv8Rc68ngeY2y1Lq1ps=
github.com/qaduni/qu.theme v0.0.0-20260819092416-7e91a0d120b4 h1:L3up4Jehs+bbgLb59IZQ5JcitoY/NBIqVTgxfGn84zQ=
github.com/qaduni/qu.theme v0.0.0-20260819092416-7e91a0d120b4/go.mod h1:V3jfF6L9wEifdbfbYtwKePkiFv8Rc68ngeY2y1Lq1ps=
github.com/qaduni/qu.theme v0.0.0-20260819094041-810e0ba51c22 h1:FzTB9Sj8u9KFjR+7Q9VkxuHkifI5SxxToB9jtO1FNjE=
github.com/qaduni/qu.theme v0.0.0-20260819094041-810e0ba51c22/go.mod h1:V3jfF6L9wEifdbfbYtwKePkiFv8Rc68ngeY2y1Lq1ps=
github.com/qaduni/qu.theme v0.0.0-20260819152152-e05b6945d5ac h1:T+OBGuIygUZSs5dJwBS3jLk2nMFVPbhJr5iZ56Jd/WM=
github.com/qaduni/qu.theme v0.0.0-20260819152152-e05b6945d5ac/go.mod h1:V3jfF6L9wEifdbfbYtwKePkiFv8Rc68ngeY2y1Lq1ps=
github.com/qaduni/qu.theme v0.0.0-20260819160750-89f5afd0c689 h1:2qdl34xuthXOtzMAEzHqygTz53GvcT2+ZuseRBzyCPA=
github.com/qaduni/qu.theme v0.0.0-20260819160750-89f5afd0c689/go.mod h1:V3jfF6L9wEifdbfbYtwKePkiFv8Rc68ngeY2y1Lq1ps=
github.com/qaduni/qu.theme v0.0.0-20260819161247-0d9a24bba28e h1:yLooVcaP9oEeoUrMX++jGsasqbw/AZ4NFSHlUGdW9Mk=
github.com/qaduni/qu.theme v0.0.0-20260819161247-0d9a24bba28e/go.mod h1:V3jfF6L9wEifdbfbYtwKePkiFv8Rc68ngeY2y1Lq1ps=
