github.com/qaduni/qu.theme v0.0.0-20260818175605-1d7783af12b5 h1:a7o5/RyPVPIzy/fUDlsgiumn96xg6QWTQPdLfGlQzSg=
github.com/qaduni/qu.theme v0.0.0-20260818175605-1d7783af12b5/go.mod h1:V3jfF6L9wEifdbfbYtwKePkiFv8Rc68ngeY2y1Lq1ps=
github.com/qaduni/qu.theme v0.0.0-20260818180805-1e7e8a9e9362 h1:12WT0KgSj2Xg07rUQvuhXERhyfeG3qZQ8MesHQKnheA=
github.com/qaduni/qu.theme v0.0.0-20260818180805-1e7e8a9e9362/go.mod h1:V3jfF6L9wEifdbfbYtwKePkiFv8Rc68ngeY2y1Lq1ps=
github.com/qaduni/qu.theme v0.0.0-20260818181953-d7afc1638d12 h1:dOGF7Q8pc3R7z4LFHbBGLbTDL4tXf0Igkae8zPLrjvc=
github.com/qaduni/qu.theme v0.0.0-20260818181953-d7afc1638d12/go.mod h1:V3jfF6L9wEifdbfbYtwKePkiFv8Rc68ngeY2y1Lq1ps=
github.com/qaduni/qu.theme v0.0.0-20260818223650-bdd0b42669fb h1:sw9P261SFv6t3/s40Xc7AR8ROAZr/twZKTBix3hPpR0=
github.com/qaduni/qu.theme v0.0.0-20260818223650-bdd0b42669fb/go.mod h1:V3jfF6L9wEifdbfbYtwKePkiFv8Rc68ngeY2y1Lq1ps=
